<?xml version="1.0" encoding="utf-8"?>
<Project ToolsVersion="4.0" xmlns="http://schemas.microsoft.com/developer/msbuild/2003">
  <ItemGroup>
    <Filter Include="Source Files">
      <UniqueIdentifier>{4FC737F1-C7A5-4376-A066-2A32D752A2FF}</UniqueIdentifier>
      <Extensions>cpp;c;cc;cxx;def;odl;idl;hpj;bat;asm;asmx</Extensions>
    </Filter>
    <Filter Include="Source Files\src">
      <UniqueIdentifier>{6c26a2ae-1b18-4b8a-a48e-a0229a411fc0}</UniqueIdentifier>
    </Filter>
    <Filter Include="Source Files\src\core">
      <UniqueIdentifier>{f41711be-19d1-4cc5-985b-e1f4faebb37e}</UniqueIdentifier>
    </Filter>
    <Filter Include="Source Files\src\util">
      <UniqueIdentifier>{3ccd39a4-89c4-440c-b9c9-c4ed48430f26}</UniqueIdentifier>
    </Filter>
    <Filter Include="Source Files\src\render">
      <UniqueIdentifier>{2b42a9b1-a302-4d72-8f26-fb78a82f06fc}</UniqueIdentifier>
    </Filter>
    <Filter Include="Source Files\src\extern">
      <UniqueIdentifier>{cd8896ff-a8d0-4f9f-990f-43cbd0f742ff}</UniqueIdentifier>
    </Filter>
    <Filter Include="Source Files\src\input">
      <UniqueIdentifier>{586c675f-06fe-4481-9179-53dce4570422}</UniqueIdentifier>
    </Filter>
    <Filter Include="Source Files\src\audio">
      <UniqueIdentifier>{98b8481c-54ca-4183-a5aa-34c976a56c01}</UniqueIdentifier>
    </Filter>
    <Filter Include="Source Files\src\hud">
      <UniqueIdentifier>{3403e18f-8f6f-4cec-b8eb-d72508042c77}</UniqueIdentifier>
    </Filter>
    <Filter Include="Source Files\src\script">
      <UniqueIdentifier>{23427b26-0407-46c9-8dc9-614bd94ca33e}</UniqueIdentifier>
    </Filter>
    <Filter Include="Source Files\src\physics">
      <UniqueIdentifier>{57865e58-d9fe-4505-b9b1-ae31ee48895f}</UniqueIdentifier>
    </Filter>
    <Filter Include="Source Files\src\extern\imgui">
      <UniqueIdentifier>{10ae0e92-0cbb-4dbb-9d3c-a9ca913a6679}</UniqueIdentifier>
    </Filter>
    <Filter Include="Source Files\src\maze">
      <UniqueIdentifier>{2f052345-171f-4504-8cbc-3783d1c99e37}</UniqueIdentifier>
    </Filter>
    <Filter Include="Source Files\src\maze\algorithm">
      <UniqueIdentifier>{656109e4-8528-43f6-946d-9ccdc2f1ee87}</UniqueIdentifier>
    </Filter>
  </ItemGroup>
  <ItemGroup>
    <ClInclude Include="src\util\settings.h">
      <Filter>Source Files\src\util</Filter>
    </ClInclude>
    <ClInclude Include="src\util\serviceprovider.h">
      <Filter>Source Files\src\util</Filter>
    </ClInclude>
    <ClInclude Include="src\util\log.h">
      <Filter>Source Files\src\util</Filter>
    </ClInclude>
    <ClInclude Include="src\util\d3dUtil.h">
      <Filter>Source Files\src\util</Filter>
    </ClInclude>
    <ClInclude Include="src\core\dx12app.h">
      <Filter>Source Files\src\core</Filter>
    </ClInclude>
    <ClInclude Include="src\audio\soundengine.h">
      <Filter>Source Files\src\audio</Filter>
    </ClInclude>
    <ClInclude Include="src\util\mathhelper.h">
      <Filter>Source Files\src\util</Filter>
    </ClInclude>
    <ClInclude Include="src\render\frameresource.h">
      <Filter>Source Files\src\render</Filter>
    </ClInclude>
    <ClInclude Include="src\render\uploadbuffer.h">
      <Filter>Source Files\src\render</Filter>
    </ClInclude>
    <ClInclude Include="src\render\renderstructs.h">
      <Filter>Source Files\src\render</Filter>
    </ClInclude>
    <ClInclude Include="src\input\controllerinput.h">
      <Filter>Source Files\src\input</Filter>
    </ClInclude>
    <ClInclude Include="src\input\inputmanager.h">
      <Filter>Source Files\src\input</Filter>
    </ClInclude>
    <ClInclude Include="src\render\renderresource.h">
      <Filter>Source Files\src\render</Filter>
    </ClInclude>
    <ClInclude Include="src\extern\DDSTextureLoader.h">
      <Filter>Source Files\src\extern</Filter>
    </ClInclude>
    <ClInclude Include="src\util\geogen.h">
      <Filter>Source Files\src\util</Filter>
    </ClInclude>
    <ClInclude Include="src\extern\json.hpp">
      <Filter>Source Files\src\extern</Filter>
    </ClInclude>
    <ClInclude Include="src\core\camera.h">
      <Filter>Source Files\src\core</Filter>
    </ClInclude>
    <ClInclude Include="src\core\gametime.h">
      <Filter>Source Files\src\core</Filter>
    </ClInclude>
    <ClInclude Include="src\core\fpscamera.h">
      <Filter>Source Files\src\core</Filter>
    </ClInclude>
    <ClInclude Include="src\util\modelloader.h">
      <Filter>Source Files\src\util</Filter>
    </ClInclude>
    <ClInclude Include="src\core\gameobject.h">
      <Filter>Source Files\src\core</Filter>
    </ClInclude>
    <ClInclude Include="src\core\level.h">
      <Filter>Source Files\src\core</Filter>
    </ClInclude>
    <ClInclude Include="src\render\shadowmap.h">
      <Filter>Source Files\src\render</Filter>
    </ClInclude>
    <ClInclude Include="src\render\rendertarget.h">
      <Filter>Source Files\src\render</Filter>
    </ClInclude>
    <ClInclude Include="src\render\sobel.h">
      <Filter>Source Files\src\render</Filter>
    </ClInclude>
    <ClInclude Include="src\core\terrain.h">
      <Filter>Source Files\src\core</Filter>
    </ClInclude>
    <ClInclude Include="src\core\fixedcamera.h">
      <Filter>Source Files\src\core</Filter>
    </ClInclude>
    <ClInclude Include="src\core\editmode.h">
      <Filter>Source Files\src\core</Filter>
    </ClInclude>
    <ClInclude Include="src\hud\editmodehud.h">
      <Filter>Source Files\src\hud</Filter>
    </ClInclude>
    <ClInclude Include="src\extern\d3dx12.h">
      <Filter>Source Files\src\extern</Filter>
    </ClInclude>
    <ClInclude Include="src\core\water.h">
      <Filter>Source Files\src\core</Filter>
    </ClInclude>
    <ClInclude Include="src\core\grass.h">
      <Filter>Source Files\src\core</Filter>
    </ClInclude>
    <ClInclude Include="src\core\particlesystem.h">
      <Filter>Source Files\src\core</Filter>
    </ClInclude>
    <ClInclude Include="src\core\lightobject.h">
      <Filter>Source Files\src\core</Filter>
    </ClInclude>
    <ClInclude Include="src\render\blur.h">
      <Filter>Source Files\src\render</Filter>
    </ClInclude>
    <ClInclude Include="src\util\skinnedmodelloader.h">
      <Filter>Source Files\src\util</Filter>
    </ClInclude>
    <ClInclude Include="src\util\cliploader.h">
      <Filter>Source Files\src\util</Filter>
    </ClInclude>
    <ClInclude Include="src\util\debuginfo.h">
      <Filter>Source Files\src\util</Filter>
    </ClInclude>
    <ClInclude Include="src\util\perlin.h">
      <Filter>Source Files\src\util</Filter>
    </ClInclude>
    <ClInclude Include="src\core\character.h">
      <Filter>Source Files\src\core</Filter>
    </ClInclude>
    <ClInclude Include="src\core\player.h">
      <Filter>Source Files\src\core</Filter>
    </ClInclude>
    <ClInclude Include="src\core\gamestate.h">
      <Filter>Source Files\src\core</Filter>
    </ClInclude>
    <ClInclude Include="src\core\animationblender.h">
      <Filter>Source Files\src\core</Filter>
    </ClInclude>
    <ClInclude Include="src\util\quadtree.h">
      <Filter>Source Files\src\util</Filter>
    </ClInclude>
    <ClInclude Include="src\script\scriptsystem.h">
      <Filter>Source Files\src\script</Filter>
    </ClInclude>
    <ClInclude Include="src\physics\bulletphysics.h">
      <Filter>Source Files\src\physics</Filter>
    </ClInclude>
    <ClInclude Include="src\core\basecollider.h">
      <Filter>Source Files\src\core</Filter>
    </ClInclude>
    <ClInclude Include="src\util\collisiondatabase.h">
      <Filter>Source Files\src\util</Filter>
    </ClInclude>
    <ClInclude Include="src\physics\bulletcontroller.h">
      <Filter>Source Files\src\physics</Filter>
    </ClInclude>
    <ClInclude Include="src\extern\imgui\imconfig.h">
      <Filter>Source Files\src\extern\imgui</Filter>
    </ClInclude>
    <ClInclude Include="src\extern\imgui\imgui.h">
      <Filter>Source Files\src\extern\imgui</Filter>
    </ClInclude>
    <ClInclude Include="src\extern\imgui\imgui_impl_dx12.h">
      <Filter>Source Files\src\extern\imgui</Filter>
    </ClInclude>
    <ClInclude Include="src\extern\imgui\imgui_impl_win32.h">
      <Filter>Source Files\src\extern\imgui</Filter>
    </ClInclude>
    <ClInclude Include="src\extern\imgui\imgui_internal.h">
      <Filter>Source Files\src\extern\imgui</Filter>
    </ClInclude>
    <ClInclude Include="src\extern\imgui\imstb_rectpack.h">
      <Filter>Source Files\src\extern\imgui</Filter>
    </ClInclude>
    <ClInclude Include="src\extern\imgui\imstb_textedit.h">
      <Filter>Source Files\src\extern\imgui</Filter>
    </ClInclude>
    <ClInclude Include="src\extern\imgui\imstb_truetype.h">
      <Filter>Source Files\src\extern\imgui</Filter>
    </ClInclude>
    <ClInclude Include="src\util\collector.h">
      <Filter>Source Files\src\util</Filter>
    </ClInclude>
    <ClInclude Include="src\util\randomizer.h">
      <Filter>Source Files\src\util</Filter>
    </ClInclude>
    <ClInclude Include="src\maze\cell.h">
      <Filter>Source Files\src\maze</Filter>
    </ClInclude>
    <ClInclude Include="src\maze\distances.h">
      <Filter>Source Files\src\maze</Filter>
    </ClInclude>
    <ClInclude Include="src\maze\grid.h">
      <Filter>Source Files\src\maze</Filter>
    </ClInclude>
    <ClInclude Include="src\maze\algorithm\aldousbroder.h">
      <Filter>Source Files\src\maze\algorithm</Filter>
    </ClInclude>
    <ClInclude Include="src\maze\algorithm\binarytree.h">
      <Filter>Source Files\src\maze\algorithm</Filter>
    </ClInclude>
    <ClInclude Include="src\maze\algorithm\growingtree.h">
      <Filter>Source Files\src\maze\algorithm</Filter>
    </ClInclude>
    <ClInclude Include="src\maze\algorithm\huntkill.h">
      <Filter>Source Files\src\maze\algorithm</Filter>
    </ClInclude>
    <ClInclude Include="src\maze\algorithm\recursivebacktracker.h">
      <Filter>Source Files\src\maze\algorithm</Filter>
    </ClInclude>
    <ClInclude Include="src\maze\algorithm\recursivedivision.h">
      <Filter>Source Files\src\maze\algorithm</Filter>
    </ClInclude>
    <ClInclude Include="src\maze\algorithm\sidewinder.h">
      <Filter>Source Files\src\maze\algorithm</Filter>
    </ClInclude>
    <ClInclude Include="src\maze\algorithm\trueprims.h">
      <Filter>Source Files\src\maze\algorithm</Filter>
    </ClInclude>
    <ClInclude Include="src\maze\maze.h">
      <Filter>Source Files\src\maze</Filter>
    </ClInclude>
  </ItemGroup>
  <ItemGroup>
    <ClCompile Include="src\util\log.cpp">
      <Filter>Source Files\src\util</Filter>
    </ClCompile>
    <ClCompile Include="src\core\4E53.cpp">
      <Filter>Source Files\src\core</Filter>
    </ClCompile>
    <ClCompile Include="src\util\settings.cpp">
      <Filter>Source Files\src\util</Filter>
    </ClCompile>
    <ClCompile Include="src\util\serviceprovider.cpp">
      <Filter>Source Files\src\util</Filter>
    </ClCompile>
    <ClCompile Include="src\core\gametime.cpp">
      <Filter>Source Files\src\core</Filter>
    </ClCompile>
    <ClCompile Include="src\util\d3dUtil.cpp">
      <Filter>Source Files\src\util</Filter>
    </ClCompile>
    <ClCompile Include="src\core\dx12app.cpp">
      <Filter>Source Files\src\core</Filter>
    </ClCompile>
    <ClCompile Include="src\audio\soundengine.cpp">
      <Filter>Source Files\src\audio</Filter>
    </ClCompile>
    <ClCompile Include="src\util\mathhelper.cpp">
      <Filter>Source Files\src\util</Filter>
    </ClCompile>
    <ClCompile Include="src\render\frameresource.cpp">
      <Filter>Source Files\src\render</Filter>
    </ClCompile>
    <ClCompile Include="src\input\controllerinput.cpp">
      <Filter>Source Files\src\input</Filter>
    </ClCompile>
    <ClCompile Include="src\input\inputmanager.cpp">
      <Filter>Source Files\src\input</Filter>
    </ClCompile>
    <ClCompile Include="src\render\renderresource.cpp">
      <Filter>Source Files\src\render</Filter>
    </ClCompile>
    <ClCompile Include="src\extern\DDSTextureLoader.cpp">
      <Filter>Source Files\src\extern</Filter>
    </ClCompile>
    <ClCompile Include="src\util\geogen.cpp">
      <Filter>Source Files\src\util</Filter>
    </ClCompile>
    <ClCompile Include="src\core\camera.cpp">
      <Filter>Source Files\src\core</Filter>
    </ClCompile>
    <ClCompile Include="src\core\fpscamera.cpp">
      <Filter>Source Files\src\core</Filter>
    </ClCompile>
    <ClCompile Include="src\util\modelloader.cpp">
      <Filter>Source Files\src\util</Filter>
    </ClCompile>
    <ClCompile Include="src\core\gameobject.cpp">
      <Filter>Source Files\src\core</Filter>
    </ClCompile>
    <ClCompile Include="src\core\level.cpp">
      <Filter>Source Files\src\core</Filter>
    </ClCompile>
    <ClCompile Include="src\render\shadowmap.cpp">
      <Filter>Source Files\src\render</Filter>
    </ClCompile>
    <ClCompile Include="src\render\rendertarget.cpp">
      <Filter>Source Files\src\render</Filter>
    </ClCompile>
    <ClCompile Include="src\render\sobel.cpp">
      <Filter>Source Files\src\render</Filter>
    </ClCompile>
    <ClCompile Include="src\core\terrain.cpp">
      <Filter>Source Files\src\core</Filter>
    </ClCompile>
    <ClCompile Include="src\core\fixedcamera.cpp">
      <Filter>Source Files\src\core</Filter>
    </ClCompile>
    <ClCompile Include="src\hud\editmodehud.cpp">
      <Filter>Source Files\src\hud</Filter>
    </ClCompile>
    <ClCompile Include="src\core\water.cpp">
      <Filter>Source Files\src\core</Filter>
    </ClCompile>
    <ClCompile Include="src\core\grass.cpp">
      <Filter>Source Files\src\core</Filter>
    </ClCompile>
    <ClCompile Include="src\core\particlesystem.cpp">
      <Filter>Source Files\src\core</Filter>
    </ClCompile>
    <ClCompile Include="src\core\lightobject.cpp">
      <Filter>Source Files\src\core</Filter>
    </ClCompile>
    <ClCompile Include="src\render\blur.cpp">
      <Filter>Source Files\src\render</Filter>
    </ClCompile>
    <ClCompile Include="src\util\skinnedmodelloader.cpp">
      <Filter>Source Files\src\util</Filter>
    </ClCompile>
    <ClCompile Include="src\util\cliploader.cpp">
      <Filter>Source Files\src\util</Filter>
    </ClCompile>
    <ClCompile Include="src\render\renderstructs.cpp">
      <Filter>Source Files\src\render</Filter>
    </ClCompile>
    <ClCompile Include="src\core\character.cpp">
      <Filter>Source Files\src\core</Filter>
    </ClCompile>
    <ClCompile Include="src\core\player.cpp">
      <Filter>Source Files\src\core</Filter>
    </ClCompile>
    <ClCompile Include="src\core\animationblender.cpp">
      <Filter>Source Files\src\core</Filter>
    </ClCompile>
    <ClCompile Include="src\util\quadtree.cpp">
      <Filter>Source Files\src\util</Filter>
    </ClCompile>
    <ClCompile Include="src\script\scriptsystem.cpp">
      <Filter>Source Files\src\script</Filter>
    </ClCompile>
    <ClCompile Include="src\physics\bulletphysics.cpp">
      <Filter>Source Files\src\physics</Filter>
    </ClCompile>
    <ClCompile Include="src\core\basecollider.cpp">
      <Filter>Source Files\src\core</Filter>
    </ClCompile>
    <ClCompile Include="src\util\collisiondatabase.cpp">
      <Filter>Source Files\src\util</Filter>
    </ClCompile>
    <ClCompile Include="src\physics\bulletcontroller.cpp">
      <Filter>Source Files\src\physics</Filter>
    </ClCompile>
    <ClCompile Include="src\extern\imgui\imgui.cpp">
      <Filter>Source Files\src\extern\imgui</Filter>
    </ClCompile>
    <ClCompile Include="src\extern\imgui\imgui_demo.cpp">
      <Filter>Source Files\src\extern\imgui</Filter>
    </ClCompile>
    <ClCompile Include="src\extern\imgui\imgui_draw.cpp">
      <Filter>Source Files\src\extern\imgui</Filter>
    </ClCompile>
    <ClCompile Include="src\extern\imgui\imgui_impl_dx12.cpp">
      <Filter>Source Files\src\extern\imgui</Filter>
    </ClCompile>
    <ClCompile Include="src\extern\imgui\imgui_impl_win32.cpp">
      <Filter>Source Files\src\extern\imgui</Filter>
    </ClCompile>
    <ClCompile Include="src\extern\imgui\imgui_widgets.cpp">
      <Filter>Source Files\src\extern\imgui</Filter>
    </ClCompile>
    <ClCompile Include="src\maze\distances.cpp">
      <Filter>Source Files\src\maze</Filter>
    </ClCompile>
    <ClCompile Include="src\maze\maze.cpp">
      <Filter>Source Files\src\maze</Filter>
    </ClCompile>
  </ItemGroup>
  <ItemGroup>
    <None Include="packages.config" />
  </ItemGroup>
</Project>